
Microsoft Visual Studio Solution File, Format Version 12.00
# Visual Studio Version 17
VisualStudioVersion = 17.8.34227.203
MinimumVisualStudioVersion = 10.0.40219.1
Project("{FAE04EC0-301F-11D3-BF4B-00C04F79EFBC}") = "project", "project\project.csproj", "{06BCBBC6-1DD1-4121-8864-F8204F48C0D8}"
EndProject
Global
	GlobalSection(SolutionConfigurationPlatforms) = preSolution
		Debug|Any CPU = Debug|Any CPU
		Release|Any CPU = Release|Any CPU
	EndGlobalSection
	GlobalSection(ProjectConfigurationPlatforms) = postSolution
		{06BCBBC6-1DD1-4121-8864-F8204F48C0D8}.Debug|Any CPU.ActiveCfg = Debug|Any CPU
		{06BCBBC6-1DD1-4121-8864-F8204F48C0D8}.Debug|Any CPU.Build.0 = Debug|Any CPU
		{06BCBBC6-1DD1-4121-8864-F8204F48C0D8}.Release|Any CPU.ActiveCfg = Release|Any CPU
		{06BCBBC6-1DD1-4121-8864-F8204F48C0D8}.Release|Any CPU.Build.0 = Release|Any CPU
	EndGlobalSection
	GlobalSection(SolutionProperties) = preSolution
		HideSolutionNode = FALSE
	EndGlobalSection
	GlobalSection(ExtensibilityGlobals) = postSolution
		SolutionGuid = {E96CCDAD-752C-498C-A38E-45FE7909F684}
	EndGlobalSection
EndGlobal
